{
    "_readme": [
        "This file locks the dependencies of your project to a known state",
        "Read more about it at https://getcomposer.org/doc/01-basic-usage.md#installing-dependencies",
        "This file is @generated automatically"
    ],
    "content-hash": "affd6697b8e3b4923b34d1a7f5e645fc",
    "packages": [
        {
            "name": "psr/http-message",
            "version": "dev-master",
            "source": {
                "type": "git",
                "url": "https://github.com/php-fig/http-message.git",
                "reference": "efd67d1dc14a7ef4fc4e518e7dee91c271d524e4"
            },
            "dist": {
                "type": "zip",
                "url": "https://api.github.com/repos/php-fig/http-message/zipball/efd67d1dc14a7ef4fc4e518e7dee91c271d524e4",
                "reference": "efd67d1dc14a7ef4fc4e518e7dee91c271d524e4",
                "shasum": ""
            },
            "require": {
                "php": ">=5.3.0"
            },
            "default-branch": true,
            "type": "library",
            "extra": {
                "branch-alias": {
                    "dev-master": "1.0.x-dev"
                }
            },
            "autoload": {
                "psr-4": {
                    "Psr\\Http\\Message\\": "src/"
                }
            },
            "notification-url": "https://packagist.org/downloads/",
            "license": [
                "MIT"
            ],
            "authors": [
                {
                    "name": "PHP-FIG",
                    "homepage": "http://www.php-fig.org/"
                }
            ],
            "description": "Common interface for HTTP messages",
            "homepage": "https://github.com/php-fig/http-message",
            "keywords": [
                "http",
                "http-message",
                "psr",
                "psr-7",
                "request",
                "response"
            ],
            "support": {
                "source": "https://github.com/php-fig/http-message/tree/master"
            },
            "time": "2019-08-29T13:16:46+00:00"
        },
        {
            "name": "workerman/gateway-worker",
            "version": "dev-master",
            "source": {
                "type": "git",
                "url": "https://github.com/walkor/GatewayWorker.git",
                "reference": "23bd35cf80a5019beee18b9c0f5898b98cdcab7e"
            },
            "dist": {
                "type": "zip",
                "url": "https://api.github.com/repos/walkor/GatewayWorker/zipball/23bd35cf80a5019beee18b9c0f5898b98cdcab7e",
                "reference": "23bd35cf80a5019beee18b9c0f5898b98cdcab7e",
                "shasum": ""
            },
            "require": {
                "workerman/workerman": ">=3.5.0"
            },
            "default-branch": true,
            "type": "library",
            "autoload": {
                "psr-4": {
                    "GatewayWorker\\": "./src"
                }
            },
            "notification-url": "https://packagist.org/downloads/",
            "license": [
                "MIT"
            ],
            "homepage": "http://www.workerman.net",
            "keywords": [
                "communication",
                "distributed"
            ],
            "support": {
                "issues": "https://github.com/walkor/GatewayWorker/issues",
                "source": "https://github.com/walkor/GatewayWorker/tree/master"
            },
            "time": "2021-07-22T06:56:38+00:00"
        },
        {
            "name": "workerman/globaldata",
            "version": "v1.0.3",
            "source": {
                "type": "git",
                "url": "https://github.com/walkor/GlobalData.git",
                "reference": "baf3b7af338f329e88136ebe92266dfe40dd00a7"
            },
            "dist": {
                "type": "zip",
                "url": "https://api.github.com/repos/walkor/GlobalData/zipball/baf3b7af338f329e88136ebe92266dfe40dd00a7",
                "reference": "baf3b7af338f329e88136ebe92266dfe40dd00a7",
                "shasum": ""
            },
            "require": {
                "workerman/workerman": ">=3.3.0"
            },
            "type": "library",
            "autoload": {
                "psr-4": {
                    "GlobalData\\": "./src"
                }
            },
            "notification-url": "https://packagist.org/downloads/",
            "license": [
                "MIT"
            ],
            "homepage": "http://www.workerman.net",
            "support": {
                "issues": "https://github.com/walkor/GlobalData/issues",
                "source": "https://github.com/walkor/GlobalData/tree/v1.0.3"
            },
            "time": "2018-08-16T03:59:34+00:00"
        },
        {
            "name": "workerman/http-client",
            "version": "v0.1.7",
            "source": {
                "type": "git",
                "url": "https://github.com/walkor/http-client.git",
                "reference": "f4a4365c44a2837035f290c593b26343a6058ba1"
            },
            "dist": {
                "type": "zip",
                "url": "https://api.github.com/repos/walkor/http-client/zipball/f4a4365c44a2837035f290c593b26343a6058ba1",
                "reference": "f4a4365c44a2837035f290c593b26343a6058ba1",
                "shasum": ""
            },
            "require": {
                "workerman/psr7": ">=1.4.3",
                "workerman/workerman": ">=3.5.0"
            },
            "type": "library",
            "autoload": {
                "psr-4": {
                    "Workerman\\Http\\": "./src"
                }
            },
            "notification-url": "https://packagist.org/downloads/",
            "license": [
                "MIT"
            ],
            "homepage": "http://www.workerman.net",
            "support": {
                "issues": "https://github.com/walkor/http-client/issues",
                "source": "https://github.com/walkor/http-client/tree/v0.1.7"
            },
            "time": "2020-11-24T01:44:51+00:00"
        },
        {
            "name": "workerman/mysql",
            "version": "v1.0.6",
            "source": {
                "type": "git",
                "url": "https://github.com/walkor/mysql.git",
                "reference": "28272aa68f9ea1a482f9bb0cf709d169f772d228"
            },
            "dist": {
                "type": "zip",
                "url": "https://api.github.com/repos/walkor/mysql/zipball/28272aa68f9ea1a482f9bb0cf709d169f772d228",
                "reference": "28272aa68f9ea1a482f9bb0cf709d169f772d228",
                "shasum": ""
            },
            "require": {
                "ext-pdo": "*",
                "ext-pdo_mysql": "*",
                "php": ">=5.3"
            },
            "type": "library",
            "autoload": {
                "psr-4": {
                    "Workerman\\MySQL\\": "./src"
                }
            },
            "notification-url": "https://packagist.org/downloads/",
            "license": [
                "MIT"
            ],
            "description": "Long-living MySQL connection for daemon.",
            "homepage": "http://www.workerman.net",
            "keywords": [
                "mysql",
                "pdo",
                "pdo_mysql"
            ],
            "support": {
                "issues": "https://github.com/walkor/mysql/issues",
                "source": "https://github.com/walkor/mysql/tree/v1.0.6"
            },
            "time": "2019-08-02T10:43:09+00:00"
        },
        {
            "name": "workerman/psr7",
            "version": "dev-master",
            "source": {
                "type": "git",
                "url": "https://github.com/walkor/psr7.git",
                "reference": "8f163224ed5bb93fb210da9211651fcd88acb97b"
            },
            "dist": {
                "type": "zip",
                "url": "https://api.github.com/repos/walkor/psr7/zipball/8f163224ed5bb93fb210da9211651fcd88acb97b",
                "reference": "8f163224ed5bb93fb210da9211651fcd88acb97b",
                "shasum": ""
            },
            "require": {
                "php": ">=5.4.0",
                "psr/http-message": "~1.0"
            },
            "provide": {
                "psr/http-message-implementation": "1.0"
            },
            "require-dev": {
                "phpunit/phpunit": "~4.0"
            },
            "default-branch": true,
            "type": "library",
            "extra": {
                "branch-alias": {
                    "dev-master": "1.5-dev"
                }
            },
            "autoload": {
                "psr-4": {
                    "Workerman\\Psr7\\": "src/"
                },
                "files": [
                    "src/functions_include.php"
                ]
            },
            "notification-url": "https://packagist.org/downloads/",
            "license": [
                "MIT"
            ],
            "authors": [
                {
                    "name": "Michael Dowling",
                    "email": "mtdowling@gmail.com",
                    "homepage": "https://github.com/mtdowling"
                },
                {
                    "name": "Tobias Schultze",
                    "homepage": "https://github.com/Tobion"
                }
            ],
            "description": "PSR-7 message implementation that also provides common utility methods",
            "keywords": [
                "http",
                "message",
                "request",
                "response",
                "stream",
                "uri",
                "url"
            ],
            "support": {
                "source": "https://github.com/walkor/psr7/tree/v1.4.4"
            },
            "time": "2020-08-31T09:54:31+00:00"
        },
        {
            "name": "workerman/redis",
            "version": "v1.0.7",
            "source": {
                "type": "git",
                "url": "https://github.com/walkor/redis.git",
                "reference": "5e65740b72042130b9c928a2be7bebb8609a1f2e"
            },
            "dist": {
                "type": "zip",
                "url": "https://api.github.com/repos/walkor/redis/zipball/5e65740b72042130b9c928a2be7bebb8609a1f2e",
                "reference": "5e65740b72042130b9c928a2be7bebb8609a1f2e",
                "shasum": ""
            },
            "require": {
                "php": ">=5.4",
                "workerman/workerman": ">=3.5.0"
            },
            "type": "library",
            "autoload": {
                "psr-4": {
                    "Workerman\\Redis\\": "./src"
                }
            },
            "notification-url": "https://packagist.org/downloads/",
            "license": [
                "MIT"
            ],
            "homepage": "http://www.workerman.net",
            "support": {
                "issues": "https://github.com/walkor/redis/issues",
                "source": "https://github.com/walkor/redis/tree/v1.0.7"
            },
            "time": "2021-10-13T10:28:56+00:00"
        }
    ],
    "packages-dev": [],
    "aliases": [],
    "minimum-stability": "dev",
    "stability-flags": [],
    "prefer-stable": false,
    "prefer-lowest": false,
    "platform": {
        "ext-json": "*"
    },
    "platform-dev": [],
    "plugin-api-version": "2.1.0"
}
